
Microsoft Visual Studio Solution File, Format Version 12.00
# Visual Studio Version 16
VisualStudioVersion = 16.0.31025.194
MinimumVisualStudioVersion = 10.0.40219.1
Project("{FAE04EC0-301F-11D3-BF4B-00C04F79EFBC}") = "DevHelloAspNet", "DevHelloAspNet\DevHelloAspNet.csproj", "{4B92116D-0844-4B38-876A-5A2D8F900C0F}"
EndProject
Project("{FAE04EC0-301F-11D3-BF4B-00C04F79EFBC}") = "DevHelloAspNet.Tests", "DevHelloAspNet.Tests\DevHelloAspNet.Tests.csproj", "{882E92DB-DCCC-42EC-962B-11A7494170B2}"
EndProject
Project("{FAE04EC0-301F-11D3-BF4B-00C04F79EFBC}") = "FirstWebApp", "FirstWebApp\FirstWebApp.csproj", "{6E330E07-1284-48E2-B1BF-7EBA57CA8460}"
EndProject
Project("{FAE04EC0-301F-11D3-BF4B-00C04F79EFBC}") = "ValidationWebApp", "ValidationWebApp\ValidationWebApp.csproj", "{056A287E-6854-4B52-89D2-BEC7C91B556D}"
EndProject
Project("{FAE04EC0-301F-11D3-BF4B-00C04F79EFBC}") = "TemplateWebApp", "TemplateWebApp\TemplateWebApp.csproj", "{74433F15-8044-4629-9B77-7929A2BE4480}"
EndProject
Project("{FAE04EC0-301F-11D3-BF4B-00C04F79EFBC}") = "StateMngWebApp", "StateMngWebApp\StateMngWebApp.csproj", "{C5C185C5-FA70-4688-9542-5811BA05872D}"
EndProject
Project("{FAE04EC0-301F-11D3-BF4B-00C04F79EFBC}") = "DbHandlingWebApp", "DbHandlingWebApp\DbHandlingWebApp.csproj", "{CEB7BFB6-8394-4204-8EAE-66F2A1C91757}"
EndProject
Project("{FAE04EC0-301F-11D3-BF4B-00C04F79EFBC}") = "DataControlWebApp", "DataControlWebApp\DataControlWebApp.csproj", "{3F70C8D5-E708-4023-AEA1-BE48E876C3EF}"
EndProject
Project("{00D1A9C2-B5F0-4AF3-8072-F6C62B433612}") = "TestDB_Database", "TestDB_Database\TestDB_Database.sqlproj", "{2EEAE6E6-6009-4E8D-B13A-DF7DDA46CDBA}"
EndProject
Project("{FAE04EC0-301F-11D3-BF4B-00C04F79EFBC}") = "LoginWebApp", "LoginWebApp\LoginWebApp.csproj", "{70D7F247-FE56-4F45-B513-4863CFE16A6F}"
EndProject
Global
	GlobalSection(SolutionConfigurationPlatforms) = preSolution
		Debug|Any CPU = Debug|Any CPU
		Release|Any CPU = Release|Any CPU
	EndGlobalSection
	GlobalSection(ProjectConfigurationPlatforms) = postSolution
		{4B92116D-0844-4B38-876A-5A2D8F900C0F}.Debug|Any CPU.ActiveCfg = Debug|Any CPU
		{4B92116D-0844-4B38-876A-5A2D8F900C0F}.Debug|Any CPU.Build.0 = Debug|Any CPU
		{4B92116D-0844-4B38-876A-5A2D8F900C0F}.Release|Any CPU.ActiveCfg = Release|Any CPU
		{4B92116D-0844-4B38-876A-5A2D8F900C0F}.Release|Any CPU.Build.0 = Release|Any CPU
		{882E92DB-DCCC-42EC-962B-11A7494170B2}.Debug|Any CPU.ActiveCfg = Debug|Any CPU
		{882E92DB-DCCC-42EC-962B-11A7494170B2}.Debug|Any CPU.Build.0 = Debug|Any CPU
		{882E92DB-DCCC-42EC-962B-11A7494170B2}.Release|Any CPU.ActiveCfg = Release|Any CPU
		{882E92DB-DCCC-42EC-962B-11A7494170B2}.Release|Any CPU.Build.0 = Release|Any CPU
		{6E330E07-1284-48E2-B1BF-7EBA57CA8460}.Debug|Any CPU.ActiveCfg = Debug|Any CPU
		{6E330E07-1284-48E2-B1BF-7EBA57CA8460}.Debug|Any CPU.Build.0 = Debug|Any CPU
		{6E330E07-1284-48E2-B1BF-7EBA57CA8460}.Release|Any CPU.ActiveCfg = Release|Any CPU
		{6E330E07-1284-48E2-B1BF-7EBA57CA8460}.Release|Any CPU.Build.0 = Release|Any CPU
		{056A287E-6854-4B52-89D2-BEC7C91B556D}.Debug|Any CPU.ActiveCfg = Debug|Any CPU
		{056A287E-6854-4B52-89D2-BEC7C91B556D}.Debug|Any CPU.Build.0 = Debug|Any CPU
		{056A287E-6854-4B52-89D2-BEC7C91B556D}.Release|Any CPU.ActiveCfg = Release|Any CPU
		{056A287E-6854-4B52-89D2-BEC7C91B556D}.Release|Any CPU.Build.0 = Release|Any CPU
		{74433F15-8044-4629-9B77-7929A2BE4480}.Debug|Any CPU.ActiveCfg = Debug|Any CPU
		{74433F15-8044-4629-9B77-7929A2BE4480}.Debug|Any CPU.Build.0 = Debug|Any CPU
		{74433F15-8044-4629-9B77-7929A2BE4480}.Release|Any CPU.ActiveCfg = Release|Any CPU
		{74433F15-8044-4629-9B77-7929A2BE4480}.Release|Any CPU.Build.0 = Release|Any CPU
		{C5C185C5-FA70-4688-9542-5811BA05872D}.Debug|Any CPU.ActiveCfg = Debug|Any CPU
		{C5C185C5-FA70-4688-9542-5811BA05872D}.Debug|Any CPU.Build.0 = Debug|Any CPU
		{C5C185C5-FA70-4688-9542-5811BA05872D}.Release|Any CPU.ActiveCfg = Release|Any CPU
		{C5C185C5-FA70-4688-9542-5811BA05872D}.Release|Any CPU.Build.0 = Release|Any CPU
		{CEB7BFB6-8394-4204-8EAE-66F2A1C91757}.Debug|Any CPU.ActiveCfg = Debug|Any CPU
		{CEB7BFB6-8394-4204-8EAE-66F2A1C91757}.Debug|Any CPU.Build.0 = Debug|Any CPU
		{CEB7BFB6-8394-4204-8EAE-66F2A1C91757}.Release|Any CPU.ActiveCfg = Release|Any CPU
		{CEB7BFB6-8394-4204-8EAE-66F2A1C91757}.Release|Any CPU.Build.0 = Release|Any CPU
		{3F70C8D5-E708-4023-AEA1-BE48E876C3EF}.Debug|Any CPU.ActiveCfg = Debug|Any CPU
		{3F70C8D5-E708-4023-AEA1-BE48E876C3EF}.Debug|Any CPU.Build.0 = Debug|Any CPU
		{3F70C8D5-E708-4023-AEA1-BE48E876C3EF}.Release|Any CPU.ActiveCfg = Release|Any CPU
		{3F70C8D5-E708-4023-AEA1-BE48E876C3EF}.Release|Any CPU.Build.0 = Release|Any CPU
		{2EEAE6E6-6009-4E8D-B13A-DF7DDA46CDBA}.Debug|Any CPU.ActiveCfg = Debug|Any CPU
		{2EEAE6E6-6009-4E8D-B13A-DF7DDA46CDBA}.Debug|Any CPU.Build.0 = Debug|Any CPU
		{2EEAE6E6-6009-4E8D-B13A-DF7DDA46CDBA}.Debug|Any CPU.Deploy.0 = Debug|Any CPU
		{2EEAE6E6-6009-4E8D-B13A-DF7DDA46CDBA}.Release|Any CPU.ActiveCfg = Release|Any CPU
		{2EEAE6E6-6009-4E8D-B13A-DF7DDA46CDBA}.Release|Any CPU.Build.0 = Release|Any CPU
		{2EEAE6E6-6009-4E8D-B13A-DF7DDA46CDBA}.Release|Any CPU.Deploy.0 = Release|Any CPU
		{70D7F247-FE56-4F45-B513-4863CFE16A6F}.Debug|Any CPU.ActiveCfg = Debug|Any CPU
		{70D7F247-FE56-4F45-B513-4863CFE16A6F}.Debug|Any CPU.Build.0 = Debug|Any CPU
		{70D7F247-FE56-4F45-B513-4863CFE16A6F}.Release|Any CPU.ActiveCfg = Release|Any CPU
		{70D7F247-FE56-4F45-B513-4863CFE16A6F}.Release|Any CPU.Build.0 = Release|Any CPU
	EndGlobalSection
	GlobalSection(SolutionProperties) = preSolution
		HideSolutionNode = FALSE
	EndGlobalSection
	GlobalSection(ExtensibilityGlobals) = postSolution
		SolutionGuid = {4FEF53E1-373B-4827-8537-A4AB38584A6E}
	EndGlobalSection
EndGlobal
